
Microsoft Visual Studio Solution File, Format Version 12.00
# Visual Studio Version 17
VisualStudioVersion = 17.10.34928.147
MinimumVisualStudioVersion = 10.0.40219.1
Project("{FAE04EC0-301F-11D3-BF4B-00C04F79EFBC}") = "MyDemo", "MyDemo\MyDemo.csproj", "{6F412E4A-6D5A-40CB-9CFC-140D36EA1209}"
EndProject
Project("{FAE04EC0-301F-11D3-BF4B-00C04F79EFBC}") = "MyPing", "MyPing\MyPing.csproj", "{9E47975F-E37F-4556-A3EF-2A0167A28D27}"
EndProject
Project("{FAE04EC0-301F-11D3-BF4B-00C04F79EFBC}") = "StopFiled", "StopFiled\StopFiled.csproj", "{BCFFECC1-4558-412F-96C4-2B5767E713EB}"
EndProject
Project("{9A19103F-16F7-4668-BE54-9A1E7A4F7556}") = "WPF.IOC.NetCore", "WPF.IOC.NetCore\WPF.IOC.NetCore.csproj", "{72772888-0A3B-4B51-8191-D24A11088F71}"
EndProject
Project("{9A19103F-16F7-4668-BE54-9A1E7A4F7556}") = "AOP.AspectInjector", "AOP.AspectInjector\AOP.AspectInjector.csproj", "{CDFAE3F5-B4E9-4834-A9C3-A230488EB05E}"
EndProject
Project("{2150E333-8FDC-42A3-9474-1A3956D46DE8}") = "AOPDemo", "AOPDemo", "{BFD32939-289D-44EF-AB40-DECDBB732E79}"
EndProject
Project("{2150E333-8FDC-42A3-9474-1A3956D46DE8}") = "Reflection", "Reflection", "{099AB97A-166C-495A-B7D9-7B0FA1BCB2CB}"
EndProject
Project("{9A19103F-16F7-4668-BE54-9A1E7A4F7556}") = "MyReflection", "MyReflection\MyReflection.csproj", "{740214AF-C22E-49C4-9DA1-EA5DEF0C69CF}"
EndProject
Project("{2150E333-8FDC-42A3-9474-1A3956D46DE8}") = "OtherDemo", "OtherDemo", "{A3E0E470-B556-451B-A919-10DBDBB05333}"
EndProject
Project("{2150E333-8FDC-42A3-9474-1A3956D46DE8}") = "绘图", "绘图", "{5788FA21-0B9E-4D36-B006-E0D7C317B767}"
EndProject
Project("{9A19103F-16F7-4668-BE54-9A1E7A4F7556}") = "MuseWrite", "MuseWrite\MuseWrite.csproj", "{DAB256D5-E8E4-47BD-90F8-AF792C9803F9}"
EndProject
Project("{2150E333-8FDC-42A3-9474-1A3956D46DE8}") = "Html", "Html", "{FE85743E-EB16-43EE-9FD0-41283E08AD37}"
EndProject
Project("{9A19103F-16F7-4668-BE54-9A1E7A4F7556}") = "LoadHtml", "LoadHtml\LoadHtml.csproj", "{EDC7A28F-17E6-4B84-AC21-77F6C6DB9519}"
EndProject
Project("{9A19103F-16F7-4668-BE54-9A1E7A4F7556}") = "DriwingVisualDemo", "DriwingVisualDemo\DriwingVisualDemo.csproj", "{30C5555D-0BDD-42F0-BC4B-8F4A89CC15D1}"
EndProject
Project("{FAE04EC0-301F-11D3-BF4B-00C04F79EFBC}") = "DriwingVisualFwDemo", "DriwingVisualFwDemo\DriwingVisualFwDemo.csproj", "{BB1FC336-EBCD-4D2C-BC09-C06D37504AAA}"
EndProject
Project("{FAE04EC0-301F-11D3-BF4B-00C04F79EFBC}") = "WpfGDI", "WpfGDI\WpfGDI.csproj", "{CF0AA096-A234-4042-B5FD-9405BEC78D74}"
EndProject
Project("{FAE04EC0-301F-11D3-BF4B-00C04F79EFBC}") = "WinfowsFormsHostTop", "WinfowsFormsHostTop\WinfowsFormsHostTop.csproj", "{837C183A-92A9-4A5D-9363-72982FEF5E00}"
EndProject
Project("{2150E333-8FDC-42A3-9474-1A3956D46DE8}") = "Media", "Media", "{B6B89D23-2E52-4CC9-B52B-A742C09BDD04}"
EndProject
Project("{FAE04EC0-301F-11D3-BF4B-00C04F79EFBC}") = "MediaDemo", "MediaDemo\MediaDemo.csproj", "{16AC80A5-270E-46F1-B764-0B5614BDDBE5}"
EndProject
Project("{FAE04EC0-301F-11D3-BF4B-00C04F79EFBC}") = "ImageConvert", "ImageConvert\ImageConvert.csproj", "{E86E34F9-8770-41E3-840A-7AB7DF58A1C2}"
EndProject
Project("{2150E333-8FDC-42A3-9474-1A3956D46DE8}") = "bcdedit", "bcdedit", "{AA6A55F9-5A26-4295-94CE-E3160CB104CE}"
EndProject
Project("{FAE04EC0-301F-11D3-BF4B-00C04F79EFBC}") = "BcdeditDemo", "Bcdedit\BcdeditDemo.csproj", "{034F6CA3-F159-4804-80A3-8DFC10EA751D}"
EndProject
Global
	GlobalSection(SolutionConfigurationPlatforms) = preSolution
		Debug|Any CPU = Debug|Any CPU
		Debug|x64 = Debug|x64
		Release|Any CPU = Release|Any CPU
		Release|x64 = Release|x64
	EndGlobalSection
	GlobalSection(ProjectConfigurationPlatforms) = postSolution
		{6F412E4A-6D5A-40CB-9CFC-140D36EA1209}.Debug|Any CPU.ActiveCfg = Debug|Any CPU
		{6F412E4A-6D5A-40CB-9CFC-140D36EA1209}.Debug|Any CPU.Build.0 = Debug|Any CPU
		{6F412E4A-6D5A-40CB-9CFC-140D36EA1209}.Debug|x64.ActiveCfg = Debug|x64
		{6F412E4A-6D5A-40CB-9CFC-140D36EA1209}.Debug|x64.Build.0 = Debug|x64
		{6F412E4A-6D5A-40CB-9CFC-140D36EA1209}.Release|Any CPU.ActiveCfg = Release|Any CPU
		{6F412E4A-6D5A-40CB-9CFC-140D36EA1209}.Release|Any CPU.Build.0 = Release|Any CPU
		{6F412E4A-6D5A-40CB-9CFC-140D36EA1209}.Release|x64.ActiveCfg = Release|x64
		{6F412E4A-6D5A-40CB-9CFC-140D36EA1209}.Release|x64.Build.0 = Release|x64
		{9E47975F-E37F-4556-A3EF-2A0167A28D27}.Debug|Any CPU.ActiveCfg = Debug|Any CPU
		{9E47975F-E37F-4556-A3EF-2A0167A28D27}.Debug|Any CPU.Build.0 = Debug|Any CPU
		{9E47975F-E37F-4556-A3EF-2A0167A28D27}.Debug|x64.ActiveCfg = Debug|x64
		{9E47975F-E37F-4556-A3EF-2A0167A28D27}.Debug|x64.Build.0 = Debug|x64
		{9E47975F-E37F-4556-A3EF-2A0167A28D27}.Release|Any CPU.ActiveCfg = Release|Any CPU
		{9E47975F-E37F-4556-A3EF-2A0167A28D27}.Release|Any CPU.Build.0 = Release|Any CPU
		{9E47975F-E37F-4556-A3EF-2A0167A28D27}.Release|x64.ActiveCfg = Release|x64
		{9E47975F-E37F-4556-A3EF-2A0167A28D27}.Release|x64.Build.0 = Release|x64
		{BCFFECC1-4558-412F-96C4-2B5767E713EB}.Debug|Any CPU.ActiveCfg = Debug|Any CPU
		{BCFFECC1-4558-412F-96C4-2B5767E713EB}.Debug|Any CPU.Build.0 = Debug|Any CPU
		{BCFFECC1-4558-412F-96C4-2B5767E713EB}.Debug|x64.ActiveCfg = Debug|x64
		{BCFFECC1-4558-412F-96C4-2B5767E713EB}.Debug|x64.Build.0 = Debug|x64
		{BCFFECC1-4558-412F-96C4-2B5767E713EB}.Release|Any CPU.ActiveCfg = Release|Any CPU
		{BCFFECC1-4558-412F-96C4-2B5767E713EB}.Release|Any CPU.Build.0 = Release|Any CPU
		{BCFFECC1-4558-412F-96C4-2B5767E713EB}.Release|x64.ActiveCfg = Release|x64
		{BCFFECC1-4558-412F-96C4-2B5767E713EB}.Release|x64.Build.0 = Release|x64
		{72772888-0A3B-4B51-8191-D24A11088F71}.Debug|Any CPU.ActiveCfg = Debug|Any CPU
		{72772888-0A3B-4B51-8191-D24A11088F71}.Debug|Any CPU.Build.0 = Debug|Any CPU
		{72772888-0A3B-4B51-8191-D24A11088F71}.Debug|x64.ActiveCfg = Debug|x64
		{72772888-0A3B-4B51-8191-D24A11088F71}.Debug|x64.Build.0 = Debug|x64
		{72772888-0A3B-4B51-8191-D24A11088F71}.Release|Any CPU.ActiveCfg = Release|Any CPU
		{72772888-0A3B-4B51-8191-D24A11088F71}.Release|Any CPU.Build.0 = Release|Any CPU
		{72772888-0A3B-4B51-8191-D24A11088F71}.Release|x64.ActiveCfg = Release|x64
		{72772888-0A3B-4B51-8191-D24A11088F71}.Release|x64.Build.0 = Release|x64
		{CDFAE3F5-B4E9-4834-A9C3-A230488EB05E}.Debug|Any CPU.ActiveCfg = Debug|Any CPU
		{CDFAE3F5-B4E9-4834-A9C3-A230488EB05E}.Debug|Any CPU.Build.0 = Debug|Any CPU
		{CDFAE3F5-B4E9-4834-A9C3-A230488EB05E}.Debug|x64.ActiveCfg = Debug|x64
		{CDFAE3F5-B4E9-4834-A9C3-A230488EB05E}.Debug|x64.Build.0 = Debug|x64
		{CDFAE3F5-B4E9-4834-A9C3-A230488EB05E}.Release|Any CPU.ActiveCfg = Release|Any CPU
		{CDFAE3F5-B4E9-4834-A9C3-A230488EB05E}.Release|Any CPU.Build.0 = Release|Any CPU
		{CDFAE3F5-B4E9-4834-A9C3-A230488EB05E}.Release|x64.ActiveCfg = Release|x64
		{CDFAE3F5-B4E9-4834-A9C3-A230488EB05E}.Release|x64.Build.0 = Release|x64
		{740214AF-C22E-49C4-9DA1-EA5DEF0C69CF}.Debug|Any CPU.ActiveCfg = Debug|Any CPU
		{740214AF-C22E-49C4-9DA1-EA5DEF0C69CF}.Debug|Any CPU.Build.0 = Debug|Any CPU
		{740214AF-C22E-49C4-9DA1-EA5DEF0C69CF}.Debug|x64.ActiveCfg = Debug|x64
		{740214AF-C22E-49C4-9DA1-EA5DEF0C69CF}.Debug|x64.Build.0 = Debug|x64
		{740214AF-C22E-49C4-9DA1-EA5DEF0C69CF}.Release|Any CPU.ActiveCfg = Release|Any CPU
		{740214AF-C22E-49C4-9DA1-EA5DEF0C69CF}.Release|Any CPU.Build.0 = Release|Any CPU
		{740214AF-C22E-49C4-9DA1-EA5DEF0C69CF}.Release|x64.ActiveCfg = Release|x64
		{740214AF-C22E-49C4-9DA1-EA5DEF0C69CF}.Release|x64.Build.0 = Release|x64
		{DAB256D5-E8E4-47BD-90F8-AF792C9803F9}.Debug|Any CPU.ActiveCfg = Debug|Any CPU
		{DAB256D5-E8E4-47BD-90F8-AF792C9803F9}.Debug|Any CPU.Build.0 = Debug|Any CPU
		{DAB256D5-E8E4-47BD-90F8-AF792C9803F9}.Debug|x64.ActiveCfg = Debug|x64
		{DAB256D5-E8E4-47BD-90F8-AF792C9803F9}.Debug|x64.Build.0 = Debug|x64
		{DAB256D5-E8E4-47BD-90F8-AF792C9803F9}.Release|Any CPU.ActiveCfg = Release|Any CPU
		{DAB256D5-E8E4-47BD-90F8-AF792C9803F9}.Release|Any CPU.Build.0 = Release|Any CPU
		{DAB256D5-E8E4-47BD-90F8-AF792C9803F9}.Release|x64.ActiveCfg = Release|x64
		{DAB256D5-E8E4-47BD-90F8-AF792C9803F9}.Release|x64.Build.0 = Release|x64
		{EDC7A28F-17E6-4B84-AC21-77F6C6DB9519}.Debug|Any CPU.ActiveCfg = Debug|Any CPU
		{EDC7A28F-17E6-4B84-AC21-77F6C6DB9519}.Debug|Any CPU.Build.0 = Debug|Any CPU
		{EDC7A28F-17E6-4B84-AC21-77F6C6DB9519}.Debug|x64.ActiveCfg = Debug|x64
		{EDC7A28F-17E6-4B84-AC21-77F6C6DB9519}.Debug|x64.Build.0 = Debug|x64
		{EDC7A28F-17E6-4B84-AC21-77F6C6DB9519}.Release|Any CPU.ActiveCfg = Release|Any CPU
		{EDC7A28F-17E6-4B84-AC21-77F6C6DB9519}.Release|Any CPU.Build.0 = Release|Any CPU
		{EDC7A28F-17E6-4B84-AC21-77F6C6DB9519}.Release|x64.ActiveCfg = Release|x64
		{EDC7A28F-17E6-4B84-AC21-77F6C6DB9519}.Release|x64.Build.0 = Release|x64
		{30C5555D-0BDD-42F0-BC4B-8F4A89CC15D1}.Debug|Any CPU.ActiveCfg = Debug|Any CPU
		{30C5555D-0BDD-42F0-BC4B-8F4A89CC15D1}.Debug|Any CPU.Build.0 = Debug|Any CPU
		{30C5555D-0BDD-42F0-BC4B-8F4A89CC15D1}.Debug|x64.ActiveCfg = Debug|x64
		{30C5555D-0BDD-42F0-BC4B-8F4A89CC15D1}.Debug|x64.Build.0 = Debug|x64
		{30C5555D-0BDD-42F0-BC4B-8F4A89CC15D1}.Release|Any CPU.ActiveCfg = Release|Any CPU
		{30C5555D-0BDD-42F0-BC4B-8F4A89CC15D1}.Release|Any CPU.Build.0 = Release|Any CPU
		{30C5555D-0BDD-42F0-BC4B-8F4A89CC15D1}.Release|x64.ActiveCfg = Release|x64
		{30C5555D-0BDD-42F0-BC4B-8F4A89CC15D1}.Release|x64.Build.0 = Release|x64
		{BB1FC336-EBCD-4D2C-BC09-C06D37504AAA}.Debug|Any CPU.ActiveCfg = Debug|Any CPU
		{BB1FC336-EBCD-4D2C-BC09-C06D37504AAA}.Debug|Any CPU.Build.0 = Debug|Any CPU
		{BB1FC336-EBCD-4D2C-BC09-C06D37504AAA}.Debug|x64.ActiveCfg = Debug|x64
		{BB1FC336-EBCD-4D2C-BC09-C06D37504AAA}.Debug|x64.Build.0 = Debug|x64
		{BB1FC336-EBCD-4D2C-BC09-C06D37504AAA}.Release|Any CPU.ActiveCfg = Release|Any CPU
		{BB1FC336-EBCD-4D2C-BC09-C06D37504AAA}.Release|Any CPU.Build.0 = Release|Any CPU
		{BB1FC336-EBCD-4D2C-BC09-C06D37504AAA}.Release|x64.ActiveCfg = Release|x64
		{BB1FC336-EBCD-4D2C-BC09-C06D37504AAA}.Release|x64.Build.0 = Release|x64
		{CF0AA096-A234-4042-B5FD-9405BEC78D74}.Debug|Any CPU.ActiveCfg = Debug|Any CPU
		{CF0AA096-A234-4042-B5FD-9405BEC78D74}.Debug|Any CPU.Build.0 = Debug|Any CPU
		{CF0AA096-A234-4042-B5FD-9405BEC78D74}.Debug|x64.ActiveCfg = Debug|x64
		{CF0AA096-A234-4042-B5FD-9405BEC78D74}.Debug|x64.Build.0 = Debug|x64
		{CF0AA096-A234-4042-B5FD-9405BEC78D74}.Release|Any CPU.ActiveCfg = Release|Any CPU
		{CF0AA096-A234-4042-B5FD-9405BEC78D74}.Release|Any CPU.Build.0 = Release|Any CPU
		{CF0AA096-A234-4042-B5FD-9405BEC78D74}.Release|x64.ActiveCfg = Release|x64
		{CF0AA096-A234-4042-B5FD-9405BEC78D74}.Release|x64.Build.0 = Release|x64
		{837C183A-92A9-4A5D-9363-72982FEF5E00}.Debug|Any CPU.ActiveCfg = Debug|Any CPU
		{837C183A-92A9-4A5D-9363-72982FEF5E00}.Debug|Any CPU.Build.0 = Debug|Any CPU
		{837C183A-92A9-4A5D-9363-72982FEF5E00}.Debug|x64.ActiveCfg = Debug|x64
		{837C183A-92A9-4A5D-9363-72982FEF5E00}.Debug|x64.Build.0 = Debug|x64
		{837C183A-92A9-4A5D-9363-72982FEF5E00}.Release|Any CPU.ActiveCfg = Release|Any CPU
		{837C183A-92A9-4A5D-9363-72982FEF5E00}.Release|Any CPU.Build.0 = Release|Any CPU
		{837C183A-92A9-4A5D-9363-72982FEF5E00}.Release|x64.ActiveCfg = Release|x64
		{837C183A-92A9-4A5D-9363-72982FEF5E00}.Release|x64.Build.0 = Release|x64
		{16AC80A5-270E-46F1-B764-0B5614BDDBE5}.Debug|Any CPU.ActiveCfg = Debug|Any CPU
		{16AC80A5-270E-46F1-B764-0B5614BDDBE5}.Debug|Any CPU.Build.0 = Debug|Any CPU
		{16AC80A5-270E-46F1-B764-0B5614BDDBE5}.Debug|x64.ActiveCfg = Debug|x64
		{16AC80A5-270E-46F1-B764-0B5614BDDBE5}.Debug|x64.Build.0 = Debug|x64
		{16AC80A5-270E-46F1-B764-0B5614BDDBE5}.Release|Any CPU.ActiveCfg = Release|Any CPU
		{16AC80A5-270E-46F1-B764-0B5614BDDBE5}.Release|Any CPU.Build.0 = Release|Any CPU
		{16AC80A5-270E-46F1-B764-0B5614BDDBE5}.Release|x64.ActiveCfg = Release|x64
		{16AC80A5-270E-46F1-B764-0B5614BDDBE5}.Release|x64.Build.0 = Release|x64
		{E86E34F9-8770-41E3-840A-7AB7DF58A1C2}.Debug|Any CPU.ActiveCfg = Debug|Any CPU
		{E86E34F9-8770-41E3-840A-7AB7DF58A1C2}.Debug|Any CPU.Build.0 = Debug|Any CPU
		{E86E34F9-8770-41E3-840A-7AB7DF58A1C2}.Debug|x64.ActiveCfg = Debug|x64
		{E86E34F9-8770-41E3-840A-7AB7DF58A1C2}.Debug|x64.Build.0 = Debug|x64
		{E86E34F9-8770-41E3-840A-7AB7DF58A1C2}.Release|Any CPU.ActiveCfg = Release|Any CPU
		{E86E34F9-8770-41E3-840A-7AB7DF58A1C2}.Release|Any CPU.Build.0 = Release|Any CPU
		{E86E34F9-8770-41E3-840A-7AB7DF58A1C2}.Release|x64.ActiveCfg = Release|x64
		{E86E34F9-8770-41E3-840A-7AB7DF58A1C2}.Release|x64.Build.0 = Release|x64
		{034F6CA3-F159-4804-80A3-8DFC10EA751D}.Debug|Any CPU.ActiveCfg = Debug|Any CPU
		{034F6CA3-F159-4804-80A3-8DFC10EA751D}.Debug|Any CPU.Build.0 = Debug|Any CPU
		{034F6CA3-F159-4804-80A3-8DFC10EA751D}.Debug|x64.ActiveCfg = Debug|x64
		{034F6CA3-F159-4804-80A3-8DFC10EA751D}.Debug|x64.Build.0 = Debug|x64
		{034F6CA3-F159-4804-80A3-8DFC10EA751D}.Release|Any CPU.ActiveCfg = Release|Any CPU
		{034F6CA3-F159-4804-80A3-8DFC10EA751D}.Release|Any CPU.Build.0 = Release|Any CPU
		{034F6CA3-F159-4804-80A3-8DFC10EA751D}.Release|x64.ActiveCfg = Release|x64
		{034F6CA3-F159-4804-80A3-8DFC10EA751D}.Release|x64.Build.0 = Release|x64
	EndGlobalSection
	GlobalSection(SolutionProperties) = preSolution
		HideSolutionNode = FALSE
	EndGlobalSection
	GlobalSection(NestedProjects) = preSolution
		{CDFAE3F5-B4E9-4834-A9C3-A230488EB05E} = {BFD32939-289D-44EF-AB40-DECDBB732E79}
		{740214AF-C22E-49C4-9DA1-EA5DEF0C69CF} = {099AB97A-166C-495A-B7D9-7B0FA1BCB2CB}
		{DAB256D5-E8E4-47BD-90F8-AF792C9803F9} = {5788FA21-0B9E-4D36-B006-E0D7C317B767}
		{EDC7A28F-17E6-4B84-AC21-77F6C6DB9519} = {FE85743E-EB16-43EE-9FD0-41283E08AD37}
		{30C5555D-0BDD-42F0-BC4B-8F4A89CC15D1} = {5788FA21-0B9E-4D36-B006-E0D7C317B767}
		{BB1FC336-EBCD-4D2C-BC09-C06D37504AAA} = {5788FA21-0B9E-4D36-B006-E0D7C317B767}
		{CF0AA096-A234-4042-B5FD-9405BEC78D74} = {5788FA21-0B9E-4D36-B006-E0D7C317B767}
		{837C183A-92A9-4A5D-9363-72982FEF5E00} = {A3E0E470-B556-451B-A919-10DBDBB05333}
		{16AC80A5-270E-46F1-B764-0B5614BDDBE5} = {B6B89D23-2E52-4CC9-B52B-A742C09BDD04}
		{E86E34F9-8770-41E3-840A-7AB7DF58A1C2} = {5788FA21-0B9E-4D36-B006-E0D7C317B767}
		{034F6CA3-F159-4804-80A3-8DFC10EA751D} = {AA6A55F9-5A26-4295-94CE-E3160CB104CE}
	EndGlobalSection
	GlobalSection(ExtensibilityGlobals) = postSolution
		SolutionGuid = {413C1D30-5B38-4143-9435-18E8A0C23100}
	EndGlobalSection
EndGlobal
