
Microsoft Visual Studio Solution File, Format Version 12.00
# Visual Studio Version 16
VisualStudioVersion = 16.0.29509.3
MinimumVisualStudioVersion = 10.0.40219.1
Project("{FAE04EC0-301F-11D3-BF4B-00C04F79EFBC}") = "MyDemo", "MyDemo\MyDemo.csproj", "{6F412E4A-6D5A-40CB-9CFC-140D36EA1209}"
EndProject
Project("{FAE04EC0-301F-11D3-BF4B-00C04F79EFBC}") = "MyPing", "MyPing\MyPing.csproj", "{9E47975F-E37F-4556-A3EF-2A0167A28D27}"
EndProject
Project("{FAE04EC0-301F-11D3-BF4B-00C04F79EFBC}") = "StopFiled", "StopFiled\StopFiled.csproj", "{BCFFECC1-4558-412F-96C4-2B5767E713EB}"
EndProject
Project("{9A19103F-16F7-4668-BE54-9A1E7A4F7556}") = "WPF.IOC.NetCore", "WPF.IOC.NetCore\WPF.IOC.NetCore.csproj", "{72772888-0A3B-4B51-8191-D24A11088F71}"
EndProject
Project("{FAE04EC0-301F-11D3-BF4B-00C04F79EFBC}") = "MyCoreApi", "MyCoreApi\MyCoreApi.csproj", "{7C179EAF-1D4F-4219-B554-E70F10EC7572}"
EndProject
Project("{9A19103F-16F7-4668-BE54-9A1E7A4F7556}") = "AOP.AspectInjector", "AOP.AspectInjector\AOP.AspectInjector.csproj", "{CDFAE3F5-B4E9-4834-A9C3-A230488EB05E}"
EndProject
Project("{9A19103F-16F7-4668-BE54-9A1E7A4F7556}") = "WpfApp2", "WpfApp2\WpfApp2.csproj", "{25437452-752C-4C08-99B3-12AD41AC4CE4}"
EndProject
Project("{FAE04EC0-301F-11D3-BF4B-00C04F79EFBC}") = "IOC.Autofac.WPF", "IOC.Autofac.WPF\IOC.Autofac.WPF.csproj", "{5BFECF9C-F65F-4898-BCB7-263469B663B3}"
EndProject
Project("{FAE04EC0-301F-11D3-BF4B-00C04F79EFBC}") = "MyAutofac.ViewModel", "Autofac.ViewModel\MyAutofac.ViewModel.csproj", "{02D7AB5D-9F67-453B-B71A-314FD5732505}"
EndProject
Project("{FAE04EC0-301F-11D3-BF4B-00C04F79EFBC}") = "MyAutofac.Model", "Autofac.Model\MyAutofac.Model.csproj", "{E2541A9A-FBE6-493A-A15D-4132AFDB56DF}"
EndProject
Project("{FAE04EC0-301F-11D3-BF4B-00C04F79EFBC}") = "MyAutofac.IModel", "Autofac.IModel\MyAutofac.IModel.csproj", "{B37F3208-1AA8-4F37-A8EB-F539C361E798}"
EndProject
Project("{FAE04EC0-301F-11D3-BF4B-00C04F79EFBC}") = "MyAutofac.IViewModel", "Autofac.IViewModel\MyAutofac.IViewModel.csproj", "{67FB604E-2C48-43F6-AC7D-134C925CD43F}"
EndProject
Project("{FAE04EC0-301F-11D3-BF4B-00C04F79EFBC}") = "MyAf.Middleware", "MyAf.Middleware\MyAf.Middleware.csproj", "{3B197D3A-48A2-4959-98D4-7A50C3931147}"
EndProject
Project("{2150E333-8FDC-42A3-9474-1A3956D46DE8}") = "AOPDemo", "AOPDemo", "{BFD32939-289D-44EF-AB40-DECDBB732E79}"
EndProject
Project("{2150E333-8FDC-42A3-9474-1A3956D46DE8}") = "IOCDemo", "IOCDemo", "{9E04F00B-4324-4FFB-8F34-6E7C2EE93544}"
EndProject
Project("{2150E333-8FDC-42A3-9474-1A3956D46DE8}") = "ActualCombat", "ActualCombat", "{F0A889E3-5493-4C26-9F13-C1532DAE48B2}"
EndProject
Project("{FAE04EC0-301F-11D3-BF4B-00C04F79EFBC}") = "Pwj.Client", "Pwj.Client\Pwj.Client.csproj", "{380F3A1D-9706-4FDF-8502-6794274712DD}"
EndProject
Project("{FAE04EC0-301F-11D3-BF4B-00C04F79EFBC}") = "Pwj.ViewModel", "Pwj.ViewModel\Pwj.ViewModel.csproj", "{2BFFF5D4-60C5-4527-B1AE-72E47FA39471}"
EndProject
Project("{FAE04EC0-301F-11D3-BF4B-00C04F79EFBC}") = "Pwj.Shared", "Pwj.Shared\Pwj.Shared.csproj", "{B06F75F9-8475-4648-A368-8BAA136CCAE5}"
EndProject
Project("{FAE04EC0-301F-11D3-BF4B-00C04F79EFBC}") = "Pwj.BaseControl", "Pwj.BaseControl\Pwj.BaseControl.csproj", "{E1C6EFD3-A1EC-4EF4-96E7-7472AE34AAAE}"
EndProject
Project("{FAE04EC0-301F-11D3-BF4B-00C04F79EFBC}") = "Pwj.Service", "Pwj.Service\Pwj.Service.csproj", "{CFFF2F1B-573A-4A48-84F0-B9DD1B0C5394}"
EndProject
Project("{FAE04EC0-301F-11D3-BF4B-00C04F79EFBC}") = "Pwj.Interfaces", "Pwj.Interfaces\Pwj.Interfaces.csproj", "{CD9107C7-3403-4CB0-B616-E340C1A6D896}"
EndProject
Project("{2150E333-8FDC-42A3-9474-1A3956D46DE8}") = "Reflection", "Reflection", "{099AB97A-166C-495A-B7D9-7B0FA1BCB2CB}"
EndProject
Project("{9A19103F-16F7-4668-BE54-9A1E7A4F7556}") = "MyReflection", "MyReflection\MyReflection.csproj", "{740214AF-C22E-49C4-9DA1-EA5DEF0C69CF}"
EndProject
Project("{2150E333-8FDC-42A3-9474-1A3956D46DE8}") = "OtherDemo", "OtherDemo", "{A3E0E470-B556-451B-A919-10DBDBB05333}"
EndProject
Project("{2150E333-8FDC-42A3-9474-1A3956D46DE8}") = "UWP", "UWP", "{20CAF63E-274F-4A90-BEF7-57A1A0A7AB5C}"
EndProject
Project("{9A19103F-16F7-4668-BE54-9A1E7A4F7556}") = "Pwj.Model", "Pwj.Model\Pwj.Model.csproj", "{C470B90D-6113-42EE-BA0F-F4EBF1960424}"
EndProject
Project("{2150E333-8FDC-42A3-9474-1A3956D46DE8}") = "绘图", "绘图", "{5788FA21-0B9E-4D36-B006-E0D7C317B767}"
EndProject
Project("{9A19103F-16F7-4668-BE54-9A1E7A4F7556}") = "MuseWrite", "MuseWrite\MuseWrite.csproj", "{DAB256D5-E8E4-47BD-90F8-AF792C9803F9}"
EndProject
Project("{2150E333-8FDC-42A3-9474-1A3956D46DE8}") = "爬虫", "爬虫", "{FE85743E-EB16-43EE-9FD0-41283E08AD37}"
EndProject
Project("{FAE04EC0-301F-11D3-BF4B-00C04F79EFBC}") = "LoadHtml", "LoadHtml\LoadHtml.csproj", "{EDC7A28F-17E6-4B84-AC21-77F6C6DB9519}"
EndProject
Project("{2150E333-8FDC-42A3-9474-1A3956D46DE8}") = "二维码", "二维码", "{5FA693E1-C162-40A5-9B69-0EF80D000756}"
EndProject
Project("{FAE04EC0-301F-11D3-BF4B-00C04F79EFBC}") = "DriwingVisualDemo", "DriwingVisualDemo\DriwingVisualDemo.csproj", "{30C5555D-0BDD-42F0-BC4B-8F4A89CC15D1}"
EndProject
Project("{FAE04EC0-301F-11D3-BF4B-00C04F79EFBC}") = "DriwingVisualFwDemo", "DriwingVisualFwDemo\DriwingVisualFwDemo.csproj", "{BB1FC336-EBCD-4D2C-BC09-C06D37504AAA}"
EndProject
Project("{FAE04EC0-301F-11D3-BF4B-00C04F79EFBC}") = "WpfGDI", "WpfGDI\WpfGDI.csproj", "{CF0AA096-A234-4042-B5FD-9405BEC78D74}"
EndProject
Global
	GlobalSection(SolutionConfigurationPlatforms) = preSolution
		Debug|Any CPU = Debug|Any CPU
		Release|Any CPU = Release|Any CPU
	EndGlobalSection
	GlobalSection(ProjectConfigurationPlatforms) = postSolution
		{6F412E4A-6D5A-40CB-9CFC-140D36EA1209}.Debug|Any CPU.ActiveCfg = Debug|Any CPU
		{6F412E4A-6D5A-40CB-9CFC-140D36EA1209}.Debug|Any CPU.Build.0 = Debug|Any CPU
		{6F412E4A-6D5A-40CB-9CFC-140D36EA1209}.Release|Any CPU.ActiveCfg = Release|Any CPU
		{6F412E4A-6D5A-40CB-9CFC-140D36EA1209}.Release|Any CPU.Build.0 = Release|Any CPU
		{9E47975F-E37F-4556-A3EF-2A0167A28D27}.Debug|Any CPU.ActiveCfg = Debug|Any CPU
		{9E47975F-E37F-4556-A3EF-2A0167A28D27}.Debug|Any CPU.Build.0 = Debug|Any CPU
		{9E47975F-E37F-4556-A3EF-2A0167A28D27}.Release|Any CPU.ActiveCfg = Release|Any CPU
		{9E47975F-E37F-4556-A3EF-2A0167A28D27}.Release|Any CPU.Build.0 = Release|Any CPU
		{BCFFECC1-4558-412F-96C4-2B5767E713EB}.Debug|Any CPU.ActiveCfg = Debug|Any CPU
		{BCFFECC1-4558-412F-96C4-2B5767E713EB}.Debug|Any CPU.Build.0 = Debug|Any CPU
		{BCFFECC1-4558-412F-96C4-2B5767E713EB}.Release|Any CPU.ActiveCfg = Release|Any CPU
		{BCFFECC1-4558-412F-96C4-2B5767E713EB}.Release|Any CPU.Build.0 = Release|Any CPU
		{72772888-0A3B-4B51-8191-D24A11088F71}.Debug|Any CPU.ActiveCfg = Debug|Any CPU
		{72772888-0A3B-4B51-8191-D24A11088F71}.Debug|Any CPU.Build.0 = Debug|Any CPU
		{72772888-0A3B-4B51-8191-D24A11088F71}.Release|Any CPU.ActiveCfg = Release|Any CPU
		{72772888-0A3B-4B51-8191-D24A11088F71}.Release|Any CPU.Build.0 = Release|Any CPU
		{7C179EAF-1D4F-4219-B554-E70F10EC7572}.Debug|Any CPU.ActiveCfg = Debug|Any CPU
		{7C179EAF-1D4F-4219-B554-E70F10EC7572}.Debug|Any CPU.Build.0 = Debug|Any CPU
		{7C179EAF-1D4F-4219-B554-E70F10EC7572}.Release|Any CPU.ActiveCfg = Release|Any CPU
		{7C179EAF-1D4F-4219-B554-E70F10EC7572}.Release|Any CPU.Build.0 = Release|Any CPU
		{CDFAE3F5-B4E9-4834-A9C3-A230488EB05E}.Debug|Any CPU.ActiveCfg = Debug|Any CPU
		{CDFAE3F5-B4E9-4834-A9C3-A230488EB05E}.Debug|Any CPU.Build.0 = Debug|Any CPU
		{CDFAE3F5-B4E9-4834-A9C3-A230488EB05E}.Release|Any CPU.ActiveCfg = Release|Any CPU
		{CDFAE3F5-B4E9-4834-A9C3-A230488EB05E}.Release|Any CPU.Build.0 = Release|Any CPU
		{25437452-752C-4C08-99B3-12AD41AC4CE4}.Debug|Any CPU.ActiveCfg = Debug|Any CPU
		{25437452-752C-4C08-99B3-12AD41AC4CE4}.Debug|Any CPU.Build.0 = Debug|Any CPU
		{25437452-752C-4C08-99B3-12AD41AC4CE4}.Release|Any CPU.ActiveCfg = Release|Any CPU
		{25437452-752C-4C08-99B3-12AD41AC4CE4}.Release|Any CPU.Build.0 = Release|Any CPU
		{5BFECF9C-F65F-4898-BCB7-263469B663B3}.Debug|Any CPU.ActiveCfg = Debug|Any CPU
		{5BFECF9C-F65F-4898-BCB7-263469B663B3}.Debug|Any CPU.Build.0 = Debug|Any CPU
		{5BFECF9C-F65F-4898-BCB7-263469B663B3}.Release|Any CPU.ActiveCfg = Release|Any CPU
		{5BFECF9C-F65F-4898-BCB7-263469B663B3}.Release|Any CPU.Build.0 = Release|Any CPU
		{02D7AB5D-9F67-453B-B71A-314FD5732505}.Debug|Any CPU.ActiveCfg = Debug|Any CPU
		{02D7AB5D-9F67-453B-B71A-314FD5732505}.Debug|Any CPU.Build.0 = Debug|Any CPU
		{02D7AB5D-9F67-453B-B71A-314FD5732505}.Release|Any CPU.ActiveCfg = Release|Any CPU
		{02D7AB5D-9F67-453B-B71A-314FD5732505}.Release|Any CPU.Build.0 = Release|Any CPU
		{E2541A9A-FBE6-493A-A15D-4132AFDB56DF}.Debug|Any CPU.ActiveCfg = Debug|Any CPU
		{E2541A9A-FBE6-493A-A15D-4132AFDB56DF}.Debug|Any CPU.Build.0 = Debug|Any CPU
		{E2541A9A-FBE6-493A-A15D-4132AFDB56DF}.Release|Any CPU.ActiveCfg = Release|Any CPU
		{E2541A9A-FBE6-493A-A15D-4132AFDB56DF}.Release|Any CPU.Build.0 = Release|Any CPU
		{B37F3208-1AA8-4F37-A8EB-F539C361E798}.Debug|Any CPU.ActiveCfg = Debug|Any CPU
		{B37F3208-1AA8-4F37-A8EB-F539C361E798}.Debug|Any CPU.Build.0 = Debug|Any CPU
		{B37F3208-1AA8-4F37-A8EB-F539C361E798}.Release|Any CPU.ActiveCfg = Release|Any CPU
		{B37F3208-1AA8-4F37-A8EB-F539C361E798}.Release|Any CPU.Build.0 = Release|Any CPU
		{67FB604E-2C48-43F6-AC7D-134C925CD43F}.Debug|Any CPU.ActiveCfg = Debug|Any CPU
		{67FB604E-2C48-43F6-AC7D-134C925CD43F}.Debug|Any CPU.Build.0 = Debug|Any CPU
		{67FB604E-2C48-43F6-AC7D-134C925CD43F}.Release|Any CPU.ActiveCfg = Release|Any CPU
		{67FB604E-2C48-43F6-AC7D-134C925CD43F}.Release|Any CPU.Build.0 = Release|Any CPU
		{3B197D3A-48A2-4959-98D4-7A50C3931147}.Debug|Any CPU.ActiveCfg = Debug|Any CPU
		{3B197D3A-48A2-4959-98D4-7A50C3931147}.Debug|Any CPU.Build.0 = Debug|Any CPU
		{3B197D3A-48A2-4959-98D4-7A50C3931147}.Release|Any CPU.ActiveCfg = Release|Any CPU
		{3B197D3A-48A2-4959-98D4-7A50C3931147}.Release|Any CPU.Build.0 = Release|Any CPU
		{380F3A1D-9706-4FDF-8502-6794274712DD}.Debug|Any CPU.ActiveCfg = Debug|Any CPU
		{380F3A1D-9706-4FDF-8502-6794274712DD}.Debug|Any CPU.Build.0 = Debug|Any CPU
		{380F3A1D-9706-4FDF-8502-6794274712DD}.Release|Any CPU.ActiveCfg = Release|Any CPU
		{380F3A1D-9706-4FDF-8502-6794274712DD}.Release|Any CPU.Build.0 = Release|Any CPU
		{2BFFF5D4-60C5-4527-B1AE-72E47FA39471}.Debug|Any CPU.ActiveCfg = Debug|Any CPU
		{2BFFF5D4-60C5-4527-B1AE-72E47FA39471}.Debug|Any CPU.Build.0 = Debug|Any CPU
		{2BFFF5D4-60C5-4527-B1AE-72E47FA39471}.Release|Any CPU.ActiveCfg = Release|Any CPU
		{2BFFF5D4-60C5-4527-B1AE-72E47FA39471}.Release|Any CPU.Build.0 = Release|Any CPU
		{B06F75F9-8475-4648-A368-8BAA136CCAE5}.Debug|Any CPU.ActiveCfg = Debug|Any CPU
		{B06F75F9-8475-4648-A368-8BAA136CCAE5}.Debug|Any CPU.Build.0 = Debug|Any CPU
		{B06F75F9-8475-4648-A368-8BAA136CCAE5}.Release|Any CPU.ActiveCfg = Release|Any CPU
		{B06F75F9-8475-4648-A368-8BAA136CCAE5}.Release|Any CPU.Build.0 = Release|Any CPU
		{E1C6EFD3-A1EC-4EF4-96E7-7472AE34AAAE}.Debug|Any CPU.ActiveCfg = Debug|Any CPU
		{E1C6EFD3-A1EC-4EF4-96E7-7472AE34AAAE}.Debug|Any CPU.Build.0 = Debug|Any CPU
		{E1C6EFD3-A1EC-4EF4-96E7-7472AE34AAAE}.Release|Any CPU.ActiveCfg = Release|Any CPU
		{E1C6EFD3-A1EC-4EF4-96E7-7472AE34AAAE}.Release|Any CPU.Build.0 = Release|Any CPU
		{CFFF2F1B-573A-4A48-84F0-B9DD1B0C5394}.Debug|Any CPU.ActiveCfg = Debug|Any CPU
		{CFFF2F1B-573A-4A48-84F0-B9DD1B0C5394}.Debug|Any CPU.Build.0 = Debug|Any CPU
		{CFFF2F1B-573A-4A48-84F0-B9DD1B0C5394}.Release|Any CPU.ActiveCfg = Release|Any CPU
		{CFFF2F1B-573A-4A48-84F0-B9DD1B0C5394}.Release|Any CPU.Build.0 = Release|Any CPU
		{CD9107C7-3403-4CB0-B616-E340C1A6D896}.Debug|Any CPU.ActiveCfg = Debug|Any CPU
		{CD9107C7-3403-4CB0-B616-E340C1A6D896}.Debug|Any CPU.Build.0 = Debug|Any CPU
		{CD9107C7-3403-4CB0-B616-E340C1A6D896}.Release|Any CPU.ActiveCfg = Release|Any CPU
		{CD9107C7-3403-4CB0-B616-E340C1A6D896}.Release|Any CPU.Build.0 = Release|Any CPU
		{740214AF-C22E-49C4-9DA1-EA5DEF0C69CF}.Debug|Any CPU.ActiveCfg = Debug|Any CPU
		{740214AF-C22E-49C4-9DA1-EA5DEF0C69CF}.Debug|Any CPU.Build.0 = Debug|Any CPU
		{740214AF-C22E-49C4-9DA1-EA5DEF0C69CF}.Release|Any CPU.ActiveCfg = Release|Any CPU
		{740214AF-C22E-49C4-9DA1-EA5DEF0C69CF}.Release|Any CPU.Build.0 = Release|Any CPU
		{C470B90D-6113-42EE-BA0F-F4EBF1960424}.Debug|Any CPU.ActiveCfg = Debug|Any CPU
		{C470B90D-6113-42EE-BA0F-F4EBF1960424}.Debug|Any CPU.Build.0 = Debug|Any CPU
		{C470B90D-6113-42EE-BA0F-F4EBF1960424}.Release|Any CPU.ActiveCfg = Release|Any CPU
		{C470B90D-6113-42EE-BA0F-F4EBF1960424}.Release|Any CPU.Build.0 = Release|Any CPU
		{DAB256D5-E8E4-47BD-90F8-AF792C9803F9}.Debug|Any CPU.ActiveCfg = Debug|Any CPU
		{DAB256D5-E8E4-47BD-90F8-AF792C9803F9}.Debug|Any CPU.Build.0 = Debug|Any CPU
		{DAB256D5-E8E4-47BD-90F8-AF792C9803F9}.Release|Any CPU.ActiveCfg = Release|Any CPU
		{DAB256D5-E8E4-47BD-90F8-AF792C9803F9}.Release|Any CPU.Build.0 = Release|Any CPU
		{EDC7A28F-17E6-4B84-AC21-77F6C6DB9519}.Debug|Any CPU.ActiveCfg = Debug|Any CPU
		{EDC7A28F-17E6-4B84-AC21-77F6C6DB9519}.Debug|Any CPU.Build.0 = Debug|Any CPU
		{EDC7A28F-17E6-4B84-AC21-77F6C6DB9519}.Release|Any CPU.ActiveCfg = Release|Any CPU
		{EDC7A28F-17E6-4B84-AC21-77F6C6DB9519}.Release|Any CPU.Build.0 = Release|Any CPU
		{30C5555D-0BDD-42F0-BC4B-8F4A89CC15D1}.Debug|Any CPU.ActiveCfg = Debug|Any CPU
		{30C5555D-0BDD-42F0-BC4B-8F4A89CC15D1}.Debug|Any CPU.Build.0 = Debug|Any CPU
		{30C5555D-0BDD-42F0-BC4B-8F4A89CC15D1}.Release|Any CPU.ActiveCfg = Release|Any CPU
		{30C5555D-0BDD-42F0-BC4B-8F4A89CC15D1}.Release|Any CPU.Build.0 = Release|Any CPU
		{BB1FC336-EBCD-4D2C-BC09-C06D37504AAA}.Debug|Any CPU.ActiveCfg = Debug|Any CPU
		{BB1FC336-EBCD-4D2C-BC09-C06D37504AAA}.Debug|Any CPU.Build.0 = Debug|Any CPU
		{BB1FC336-EBCD-4D2C-BC09-C06D37504AAA}.Release|Any CPU.ActiveCfg = Release|Any CPU
		{BB1FC336-EBCD-4D2C-BC09-C06D37504AAA}.Release|Any CPU.Build.0 = Release|Any CPU
		{CF0AA096-A234-4042-B5FD-9405BEC78D74}.Debug|Any CPU.ActiveCfg = Debug|Any CPU
		{CF0AA096-A234-4042-B5FD-9405BEC78D74}.Debug|Any CPU.Build.0 = Debug|Any CPU
		{CF0AA096-A234-4042-B5FD-9405BEC78D74}.Release|Any CPU.ActiveCfg = Release|Any CPU
		{CF0AA096-A234-4042-B5FD-9405BEC78D74}.Release|Any CPU.Build.0 = Release|Any CPU
	EndGlobalSection
	GlobalSection(SolutionProperties) = preSolution
		HideSolutionNode = FALSE
	EndGlobalSection
	GlobalSection(NestedProjects) = preSolution
		{CDFAE3F5-B4E9-4834-A9C3-A230488EB05E} = {BFD32939-289D-44EF-AB40-DECDBB732E79}
		{5BFECF9C-F65F-4898-BCB7-263469B663B3} = {9E04F00B-4324-4FFB-8F34-6E7C2EE93544}
		{02D7AB5D-9F67-453B-B71A-314FD5732505} = {9E04F00B-4324-4FFB-8F34-6E7C2EE93544}
		{E2541A9A-FBE6-493A-A15D-4132AFDB56DF} = {9E04F00B-4324-4FFB-8F34-6E7C2EE93544}
		{B37F3208-1AA8-4F37-A8EB-F539C361E798} = {9E04F00B-4324-4FFB-8F34-6E7C2EE93544}
		{67FB604E-2C48-43F6-AC7D-134C925CD43F} = {9E04F00B-4324-4FFB-8F34-6E7C2EE93544}
		{3B197D3A-48A2-4959-98D4-7A50C3931147} = {9E04F00B-4324-4FFB-8F34-6E7C2EE93544}
		{380F3A1D-9706-4FDF-8502-6794274712DD} = {F0A889E3-5493-4C26-9F13-C1532DAE48B2}
		{2BFFF5D4-60C5-4527-B1AE-72E47FA39471} = {F0A889E3-5493-4C26-9F13-C1532DAE48B2}
		{B06F75F9-8475-4648-A368-8BAA136CCAE5} = {F0A889E3-5493-4C26-9F13-C1532DAE48B2}
		{E1C6EFD3-A1EC-4EF4-96E7-7472AE34AAAE} = {F0A889E3-5493-4C26-9F13-C1532DAE48B2}
		{CFFF2F1B-573A-4A48-84F0-B9DD1B0C5394} = {F0A889E3-5493-4C26-9F13-C1532DAE48B2}
		{CD9107C7-3403-4CB0-B616-E340C1A6D896} = {F0A889E3-5493-4C26-9F13-C1532DAE48B2}
		{740214AF-C22E-49C4-9DA1-EA5DEF0C69CF} = {099AB97A-166C-495A-B7D9-7B0FA1BCB2CB}
		{C470B90D-6113-42EE-BA0F-F4EBF1960424} = {F0A889E3-5493-4C26-9F13-C1532DAE48B2}
		{DAB256D5-E8E4-47BD-90F8-AF792C9803F9} = {5788FA21-0B9E-4D36-B006-E0D7C317B767}
		{EDC7A28F-17E6-4B84-AC21-77F6C6DB9519} = {FE85743E-EB16-43EE-9FD0-41283E08AD37}
		{30C5555D-0BDD-42F0-BC4B-8F4A89CC15D1} = {5788FA21-0B9E-4D36-B006-E0D7C317B767}
		{BB1FC336-EBCD-4D2C-BC09-C06D37504AAA} = {5788FA21-0B9E-4D36-B006-E0D7C317B767}
		{CF0AA096-A234-4042-B5FD-9405BEC78D74} = {5788FA21-0B9E-4D36-B006-E0D7C317B767}
	EndGlobalSection
	GlobalSection(ExtensibilityGlobals) = postSolution
		SolutionGuid = {413C1D30-5B38-4143-9435-18E8A0C23100}
	EndGlobalSection
EndGlobal
